
Microsoft Visual Studio Solution File, Format Version 12.00
# Visual Studio Version 17
VisualStudioVersion = 17.12.35527.113
MinimumVisualStudioVersion = 10.0.40219.1
Project("{2150E333-8FDC-42A3-9474-1A3956D46DE8}") = "Task0", "Task0", "{6876924F-E7B8-44ED-A452-D616A064FAD9}"
EndProject
Project("{FAE04EC0-301F-11D3-BF4B-00C04F79EFBC}") = "Tyuiu.AntonovNS.Sprint6.Task0.V27", "Tyuiu.AntonovNS.Sprint6.Task0.V27\Tyuiu.AntonovNS.Sprint6.Task0.V27.csproj", "{89CA0EB4-3598-463F-8DE5-4E19ECCA07A2}"
EndProject
Project("{FAE04EC0-301F-11D3-BF4B-00C04F79EFBC}") = "Tyuiu.AntonovNS.Sprint6.Task0.V27.Lib", "Tyuiu.AntonovNS.Sprint6.Task0.V27.Lib\Tyuiu.AntonovNS.Sprint6.Task0.V27.Lib.csproj", "{C78CE3F6-04C5-4A6D-9BA3-144194CF634B}"
EndProject
Project("{FAE04EC0-301F-11D3-BF4B-00C04F79EFBC}") = "Tyuiu.AntonovNS.Sprint6.Task0.V27.Test", "Tyuiu.AntonovNS.Sprint6.Task0.V27.Test\Tyuiu.AntonovNS.Sprint6.Task0.V27.Test.csproj", "{FAEDD352-CDC7-4FCA-992B-2B1BB83F2809}"
EndProject
Project("{2150E333-8FDC-42A3-9474-1A3956D46DE8}") = "Task1", "Task1", "{5F536FC6-7314-413F-9B01-A7A6CC5491B9}"
EndProject
Project("{FAE04EC0-301F-11D3-BF4B-00C04F79EFBC}") = "Tyuiu.AntonovNS.Sprint6.Task1.V19", "Tyuiu.AntonovNS.Sprint6.Task1.V19\Tyuiu.AntonovNS.Sprint6.Task1.V19.csproj", "{50346850-71A2-4CAE-A26B-532520060828}"
EndProject
Project("{FAE04EC0-301F-11D3-BF4B-00C04F79EFBC}") = "Tyuiu.AntonovNS.Sprint6.Task1.V19.Lib", "Tyuiu.AntonovNS.Sprint6.Task1.V19.Lib\Tyuiu.AntonovNS.Sprint6.Task1.V19.Lib.csproj", "{EDEA8692-C1CB-48CD-BEEE-55ADA2B0003A}"
EndProject
Project("{FAE04EC0-301F-11D3-BF4B-00C04F79EFBC}") = "Tyuiu.AntonovNS.Sprint6.Task1.V19.Test", "Tyuiu.AntonovNS.Sprint6.Task1.V19.Test\Tyuiu.AntonovNS.Sprint6.Task1.V19.Test.csproj", "{27C747B1-6A65-4C9F-9243-992EE0407671}"
EndProject
Project("{2150E333-8FDC-42A3-9474-1A3956D46DE8}") = "Task2", "Task2", "{CC97C71E-41C2-4A2F-A77D-7509764D46C3}"
EndProject
Project("{FAE04EC0-301F-11D3-BF4B-00C04F79EFBC}") = "Tyuiu.AntonovNS.Sprint6.Task2.V5", "Tyuiu.AntonovNS.Sprint6.Task2.V5\Tyuiu.AntonovNS.Sprint6.Task2.V5.csproj", "{E83D3DD7-2743-4293-B29C-970775C84D57}"
EndProject
Project("{FAE04EC0-301F-11D3-BF4B-00C04F79EFBC}") = "Tyuiu.AntonovNS.Sprint6.Task2.V5.Lib", "Tyuiu.AntonovNS.Sprint6.Task2.V5.Lib\Tyuiu.AntonovNS.Sprint6.Task2.V5.Lib.csproj", "{F6ED958A-3CBD-451E-B589-AB9F0C1EBCF8}"
EndProject
Project("{FAE04EC0-301F-11D3-BF4B-00C04F79EFBC}") = "Tyuiu.AntonovNS.Sprint6.Task2.V5.Test", "Tyuiu.AntonovNS.Sprint6.Task2.V5.Test\Tyuiu.AntonovNS.Sprint6.Task2.V5.Test.csproj", "{B25307E5-7D6E-4945-8737-CF2503268BFC}"
EndProject
Project("{2150E333-8FDC-42A3-9474-1A3956D46DE8}") = "Task3", "Task3", "{7C5B363D-5332-469F-AF86-0B5D71A37CAE}"
EndProject
Project("{FAE04EC0-301F-11D3-BF4B-00C04F79EFBC}") = "Tyuiu.AntonovNS.Sprint6.Task3.V22", "Tyuiu.AntonovNS.Sprint6.Task3.V22\Tyuiu.AntonovNS.Sprint6.Task3.V22.csproj", "{B7D81FF8-90FC-49D9-9EE9-0CF2EA99C299}"
EndProject
Project("{FAE04EC0-301F-11D3-BF4B-00C04F79EFBC}") = "Tyuiu.AntonovNS.Sprint6.Task3.V22.Lib", "Tyuiu.AntonovNS.Sprint6.Task3.V22.Lib\Tyuiu.AntonovNS.Sprint6.Task3.V22.Lib.csproj", "{12C3F150-4C0F-4C70-8270-D7B012506EE2}"
EndProject
Project("{FAE04EC0-301F-11D3-BF4B-00C04F79EFBC}") = "Tyuiu.AntonovNS.Sprint6.Task3.V22.Test", "Tyuiu.AntonovNS.Sprint6.Task3.V22.Test\Tyuiu.AntonovNS.Sprint6.Task3.V22.Test.csproj", "{38F7B631-330D-4B7F-84B5-1366BFE2BE5C}"
EndProject
Project("{2150E333-8FDC-42A3-9474-1A3956D46DE8}") = "Task4", "Task4", "{5211B5F0-E3F2-4D03-92F7-DB0FE1399039}"
EndProject
Project("{FAE04EC0-301F-11D3-BF4B-00C04F79EFBC}") = "Tyuiu.AntonovNS.Sprint6.Task4.V5", "Tyuiu.AntonovNS.Sprint6.Task4.V5\Tyuiu.AntonovNS.Sprint6.Task4.V5.csproj", "{9F2D9127-9D16-4220-9A57-A778F2535850}"
EndProject
Project("{FAE04EC0-301F-11D3-BF4B-00C04F79EFBC}") = "Tyuiu.AntonovNS.Sprint6.Task4.V5.Lib", "Tyuiu.AntonovNS.Sprint6.Task4.V5.Lib\Tyuiu.AntonovNS.Sprint6.Task4.V5.Lib.csproj", "{A9880D26-5194-4857-907C-10C7631ED70A}"
EndProject
Project("{FAE04EC0-301F-11D3-BF4B-00C04F79EFBC}") = "Tyuiu.AntonovNS.Sprint6.Task4.V5.Test", "Tyuiu.AntonovNS.Sprint6.Task4.V5.Test\Tyuiu.AntonovNS.Sprint6.Task4.V5.Test.csproj", "{D01D1F23-9396-4B3E-ABA5-6DAB4C224E19}"
EndProject
Project("{2150E333-8FDC-42A3-9474-1A3956D46DE8}") = "Task5", "Task5", "{2F60EA39-909D-4147-8A67-8B96B46CB4D1}"
EndProject
Project("{FAE04EC0-301F-11D3-BF4B-00C04F79EFBC}") = "Tyuiu.AntonovNS.Sprint6.Task5.V6", "Tyuiu.AntonovNS.Sprint6.Task5.V6\Tyuiu.AntonovNS.Sprint6.Task5.V6.csproj", "{D235E114-FE71-4B95-A3E7-80BD610417AA}"
EndProject
Project("{FAE04EC0-301F-11D3-BF4B-00C04F79EFBC}") = "Tyuiu.AntonovNS.Sprint6.Task5.V6.Lib", "Tyuiu.AntonovNS.Sprint6.Task5.V6.Lib\Tyuiu.AntonovNS.Sprint6.Task5.V6.Lib.csproj", "{710D3896-4CD9-4FB5-9C61-9A38786330AE}"
EndProject
Project("{FAE04EC0-301F-11D3-BF4B-00C04F79EFBC}") = "Tyuiu.AntonovNS.Sprint6.Task5.V6.Test", "Tyuiu.AntonovNS.Sprint6.Task5.V6.Test\Tyuiu.AntonovNS.Sprint6.Task5.V6.Test.csproj", "{A2C97EEB-B38B-49DF-9349-7E22C697F8D3}"
EndProject
Project("{2150E333-8FDC-42A3-9474-1A3956D46DE8}") = "Task6", "Task6", "{7DF1513F-AE71-40C1-AEBA-10E964CFD820}"
EndProject
Project("{FAE04EC0-301F-11D3-BF4B-00C04F79EFBC}") = "Tyuiu.AntonovNS.Sprint6.Task6.V27", "Tyuiu.AntonovNS.Sprint6.Task6.V27\Tyuiu.AntonovNS.Sprint6.Task6.V27.csproj", "{FF6A8193-61DE-4040-9B00-FFB813ED1B52}"
EndProject
Project("{FAE04EC0-301F-11D3-BF4B-00C04F79EFBC}") = "Tyuiu.AntonovNS.Sprint6.Task6.V27.Lib", "Tyuiu.AntonovNS.Sprint6.Task6.V27.Lib\Tyuiu.AntonovNS.Sprint6.Task6.V27.Lib.csproj", "{62CB44BD-2EF7-4465-A87C-34ABE518A35A}"
EndProject
Project("{FAE04EC0-301F-11D3-BF4B-00C04F79EFBC}") = "Tyuiu.AntonovNS.Sprint6.Task6.V27.Test", "Tyuiu.AntonovNS.Sprint6.Task6.V27.Test\Tyuiu.AntonovNS.Sprint6.Task6.V27.Test.csproj", "{4928577D-23FA-4AEA-AE63-86AC6B11E6FB}"
EndProject
Global
	GlobalSection(SolutionConfigurationPlatforms) = preSolution
		Debug|Any CPU = Debug|Any CPU
		Release|Any CPU = Release|Any CPU
	EndGlobalSection
	GlobalSection(ProjectConfigurationPlatforms) = postSolution
		{89CA0EB4-3598-463F-8DE5-4E19ECCA07A2}.Debug|Any CPU.ActiveCfg = Debug|Any CPU
		{89CA0EB4-3598-463F-8DE5-4E19ECCA07A2}.Debug|Any CPU.Build.0 = Debug|Any CPU
		{89CA0EB4-3598-463F-8DE5-4E19ECCA07A2}.Release|Any CPU.ActiveCfg = Release|Any CPU
		{89CA0EB4-3598-463F-8DE5-4E19ECCA07A2}.Release|Any CPU.Build.0 = Release|Any CPU
		{C78CE3F6-04C5-4A6D-9BA3-144194CF634B}.Debug|Any CPU.ActiveCfg = Debug|Any CPU
		{C78CE3F6-04C5-4A6D-9BA3-144194CF634B}.Debug|Any CPU.Build.0 = Debug|Any CPU
		{C78CE3F6-04C5-4A6D-9BA3-144194CF634B}.Release|Any CPU.ActiveCfg = Release|Any CPU
		{C78CE3F6-04C5-4A6D-9BA3-144194CF634B}.Release|Any CPU.Build.0 = Release|Any CPU
		{FAEDD352-CDC7-4FCA-992B-2B1BB83F2809}.Debug|Any CPU.ActiveCfg = Debug|Any CPU
		{FAEDD352-CDC7-4FCA-992B-2B1BB83F2809}.Debug|Any CPU.Build.0 = Debug|Any CPU
		{FAEDD352-CDC7-4FCA-992B-2B1BB83F2809}.Release|Any CPU.ActiveCfg = Release|Any CPU
		{FAEDD352-CDC7-4FCA-992B-2B1BB83F2809}.Release|Any CPU.Build.0 = Release|Any CPU
		{50346850-71A2-4CAE-A26B-532520060828}.Debug|Any CPU.ActiveCfg = Debug|Any CPU
		{50346850-71A2-4CAE-A26B-532520060828}.Debug|Any CPU.Build.0 = Debug|Any CPU
		{50346850-71A2-4CAE-A26B-532520060828}.Release|Any CPU.ActiveCfg = Release|Any CPU
		{50346850-71A2-4CAE-A26B-532520060828}.Release|Any CPU.Build.0 = Release|Any CPU
		{EDEA8692-C1CB-48CD-BEEE-55ADA2B0003A}.Debug|Any CPU.ActiveCfg = Debug|Any CPU
		{EDEA8692-C1CB-48CD-BEEE-55ADA2B0003A}.Debug|Any CPU.Build.0 = Debug|Any CPU
		{EDEA8692-C1CB-48CD-BEEE-55ADA2B0003A}.Release|Any CPU.ActiveCfg = Release|Any CPU
		{EDEA8692-C1CB-48CD-BEEE-55ADA2B0003A}.Release|Any CPU.Build.0 = Release|Any CPU
		{27C747B1-6A65-4C9F-9243-992EE0407671}.Debug|Any CPU.ActiveCfg = Debug|Any CPU
		{27C747B1-6A65-4C9F-9243-992EE0407671}.Debug|Any CPU.Build.0 = Debug|Any CPU
		{27C747B1-6A65-4C9F-9243-992EE0407671}.Release|Any CPU.ActiveCfg = Release|Any CPU
		{27C747B1-6A65-4C9F-9243-992EE0407671}.Release|Any CPU.Build.0 = Release|Any CPU
		{E83D3DD7-2743-4293-B29C-970775C84D57}.Debug|Any CPU.ActiveCfg = Debug|Any CPU
		{E83D3DD7-2743-4293-B29C-970775C84D57}.Debug|Any CPU.Build.0 = Debug|Any CPU
		{E83D3DD7-2743-4293-B29C-970775C84D57}.Release|Any CPU.ActiveCfg = Release|Any CPU
		{E83D3DD7-2743-4293-B29C-970775C84D57}.Release|Any CPU.Build.0 = Release|Any CPU
		{F6ED958A-3CBD-451E-B589-AB9F0C1EBCF8}.Debug|Any CPU.ActiveCfg = Debug|Any CPU
		{F6ED958A-3CBD-451E-B589-AB9F0C1EBCF8}.Debug|Any CPU.Build.0 = Debug|Any CPU
		{F6ED958A-3CBD-451E-B589-AB9F0C1EBCF8}.Release|Any CPU.ActiveCfg = Release|Any CPU
		{F6ED958A-3CBD-451E-B589-AB9F0C1EBCF8}.Release|Any CPU.Build.0 = Release|Any CPU
		{B25307E5-7D6E-4945-8737-CF2503268BFC}.Debug|Any CPU.ActiveCfg = Debug|Any CPU
		{B25307E5-7D6E-4945-8737-CF2503268BFC}.Debug|Any CPU.Build.0 = Debug|Any CPU
		{B25307E5-7D6E-4945-8737-CF2503268BFC}.Release|Any CPU.ActiveCfg = Release|Any CPU
		{B25307E5-7D6E-4945-8737-CF2503268BFC}.Release|Any CPU.Build.0 = Release|Any CPU
		{B7D81FF8-90FC-49D9-9EE9-0CF2EA99C299}.Debug|Any CPU.ActiveCfg = Debug|Any CPU
		{B7D81FF8-90FC-49D9-9EE9-0CF2EA99C299}.Debug|Any CPU.Build.0 = Debug|Any CPU
		{B7D81FF8-90FC-49D9-9EE9-0CF2EA99C299}.Release|Any CPU.ActiveCfg = Release|Any CPU
		{B7D81FF8-90FC-49D9-9EE9-0CF2EA99C299}.Release|Any CPU.Build.0 = Release|Any CPU
		{12C3F150-4C0F-4C70-8270-D7B012506EE2}.Debug|Any CPU.ActiveCfg = Debug|Any CPU
		{12C3F150-4C0F-4C70-8270-D7B012506EE2}.Debug|Any CPU.Build.0 = Debug|Any CPU
		{12C3F150-4C0F-4C70-8270-D7B012506EE2}.Release|Any CPU.ActiveCfg = Release|Any CPU
		{12C3F150-4C0F-4C70-8270-D7B012506EE2}.Release|Any CPU.Build.0 = Release|Any CPU
		{38F7B631-330D-4B7F-84B5-1366BFE2BE5C}.Debug|Any CPU.ActiveCfg = Debug|Any CPU
		{38F7B631-330D-4B7F-84B5-1366BFE2BE5C}.Debug|Any CPU.Build.0 = Debug|Any CPU
		{38F7B631-330D-4B7F-84B5-1366BFE2BE5C}.Release|Any CPU.ActiveCfg = Release|Any CPU
		{38F7B631-330D-4B7F-84B5-1366BFE2BE5C}.Release|Any CPU.Build.0 = Release|Any CPU
		{9F2D9127-9D16-4220-9A57-A778F2535850}.Debug|Any CPU.ActiveCfg = Debug|Any CPU
		{9F2D9127-9D16-4220-9A57-A778F2535850}.Debug|Any CPU.Build.0 = Debug|Any CPU
		{9F2D9127-9D16-4220-9A57-A778F2535850}.Release|Any CPU.ActiveCfg = Release|Any CPU
		{9F2D9127-9D16-4220-9A57-A778F2535850}.Release|Any CPU.Build.0 = Release|Any CPU
		{A9880D26-5194-4857-907C-10C7631ED70A}.Debug|Any CPU.ActiveCfg = Debug|Any CPU
		{A9880D26-5194-4857-907C-10C7631ED70A}.Debug|Any CPU.Build.0 = Debug|Any CPU
		{A9880D26-5194-4857-907C-10C7631ED70A}.Release|Any CPU.ActiveCfg = Release|Any CPU
		{A9880D26-5194-4857-907C-10C7631ED70A}.Release|Any CPU.Build.0 = Release|Any CPU
		{D01D1F23-9396-4B3E-ABA5-6DAB4C224E19}.Debug|Any CPU.ActiveCfg = Debug|Any CPU
		{D01D1F23-9396-4B3E-ABA5-6DAB4C224E19}.Debug|Any CPU.Build.0 = Debug|Any CPU
		{D01D1F23-9396-4B3E-ABA5-6DAB4C224E19}.Release|Any CPU.ActiveCfg = Release|Any CPU
		{D01D1F23-9396-4B3E-ABA5-6DAB4C224E19}.Release|Any CPU.Build.0 = Release|Any CPU
		{D235E114-FE71-4B95-A3E7-80BD610417AA}.Debug|Any CPU.ActiveCfg = Debug|Any CPU
		{D235E114-FE71-4B95-A3E7-80BD610417AA}.Debug|Any CPU.Build.0 = Debug|Any CPU
		{D235E114-FE71-4B95-A3E7-80BD610417AA}.Release|Any CPU.ActiveCfg = Release|Any CPU
		{D235E114-FE71-4B95-A3E7-80BD610417AA}.Release|Any CPU.Build.0 = Release|Any CPU
		{710D3896-4CD9-4FB5-9C61-9A38786330AE}.Debug|Any CPU.ActiveCfg = Debug|Any CPU
		{710D3896-4CD9-4FB5-9C61-9A38786330AE}.Debug|Any CPU.Build.0 = Debug|Any CPU
		{710D3896-4CD9-4FB5-9C61-9A38786330AE}.Release|Any CPU.ActiveCfg = Release|Any CPU
		{710D3896-4CD9-4FB5-9C61-9A38786330AE}.Release|Any CPU.Build.0 = Release|Any CPU
		{A2C97EEB-B38B-49DF-9349-7E22C697F8D3}.Debug|Any CPU.ActiveCfg = Debug|Any CPU
		{A2C97EEB-B38B-49DF-9349-7E22C697F8D3}.Debug|Any CPU.Build.0 = Debug|Any CPU
		{A2C97EEB-B38B-49DF-9349-7E22C697F8D3}.Release|Any CPU.ActiveCfg = Release|Any CPU
		{A2C97EEB-B38B-49DF-9349-7E22C697F8D3}.Release|Any CPU.Build.0 = Release|Any CPU
		{FF6A8193-61DE-4040-9B00-FFB813ED1B52}.Debug|Any CPU.ActiveCfg = Debug|Any CPU
		{FF6A8193-61DE-4040-9B00-FFB813ED1B52}.Debug|Any CPU.Build.0 = Debug|Any CPU
		{FF6A8193-61DE-4040-9B00-FFB813ED1B52}.Release|Any CPU.ActiveCfg = Release|Any CPU
		{FF6A8193-61DE-4040-9B00-FFB813ED1B52}.Release|Any CPU.Build.0 = Release|Any CPU
		{62CB44BD-2EF7-4465-A87C-34ABE518A35A}.Debug|Any CPU.ActiveCfg = Debug|Any CPU
		{62CB44BD-2EF7-4465-A87C-34ABE518A35A}.Debug|Any CPU.Build.0 = Debug|Any CPU
		{62CB44BD-2EF7-4465-A87C-34ABE518A35A}.Release|Any CPU.ActiveCfg = Release|Any CPU
		{62CB44BD-2EF7-4465-A87C-34ABE518A35A}.Release|Any CPU.Build.0 = Release|Any CPU
		{4928577D-23FA-4AEA-AE63-86AC6B11E6FB}.Debug|Any CPU.ActiveCfg = Debug|Any CPU
		{4928577D-23FA-4AEA-AE63-86AC6B11E6FB}.Debug|Any CPU.Build.0 = Debug|Any CPU
		{4928577D-23FA-4AEA-AE63-86AC6B11E6FB}.Release|Any CPU.ActiveCfg = Release|Any CPU
		{4928577D-23FA-4AEA-AE63-86AC6B11E6FB}.Release|Any CPU.Build.0 = Release|Any CPU
	EndGlobalSection
	GlobalSection(SolutionProperties) = preSolution
		HideSolutionNode = FALSE
	EndGlobalSection
	GlobalSection(NestedProjects) = preSolution
		{89CA0EB4-3598-463F-8DE5-4E19ECCA07A2} = {6876924F-E7B8-44ED-A452-D616A064FAD9}
		{C78CE3F6-04C5-4A6D-9BA3-144194CF634B} = {6876924F-E7B8-44ED-A452-D616A064FAD9}
		{FAEDD352-CDC7-4FCA-992B-2B1BB83F2809} = {6876924F-E7B8-44ED-A452-D616A064FAD9}
		{50346850-71A2-4CAE-A26B-532520060828} = {5F536FC6-7314-413F-9B01-A7A6CC5491B9}
		{EDEA8692-C1CB-48CD-BEEE-55ADA2B0003A} = {5F536FC6-7314-413F-9B01-A7A6CC5491B9}
		{27C747B1-6A65-4C9F-9243-992EE0407671} = {5F536FC6-7314-413F-9B01-A7A6CC5491B9}
		{E83D3DD7-2743-4293-B29C-970775C84D57} = {CC97C71E-41C2-4A2F-A77D-7509764D46C3}
		{F6ED958A-3CBD-451E-B589-AB9F0C1EBCF8} = {CC97C71E-41C2-4A2F-A77D-7509764D46C3}
		{B25307E5-7D6E-4945-8737-CF2503268BFC} = {CC97C71E-41C2-4A2F-A77D-7509764D46C3}
		{B7D81FF8-90FC-49D9-9EE9-0CF2EA99C299} = {7C5B363D-5332-469F-AF86-0B5D71A37CAE}
		{12C3F150-4C0F-4C70-8270-D7B012506EE2} = {7C5B363D-5332-469F-AF86-0B5D71A37CAE}
		{38F7B631-330D-4B7F-84B5-1366BFE2BE5C} = {7C5B363D-5332-469F-AF86-0B5D71A37CAE}
		{9F2D9127-9D16-4220-9A57-A778F2535850} = {5211B5F0-E3F2-4D03-92F7-DB0FE1399039}
		{A9880D26-5194-4857-907C-10C7631ED70A} = {5211B5F0-E3F2-4D03-92F7-DB0FE1399039}
		{D01D1F23-9396-4B3E-ABA5-6DAB4C224E19} = {5211B5F0-E3F2-4D03-92F7-DB0FE1399039}
		{D235E114-FE71-4B95-A3E7-80BD610417AA} = {2F60EA39-909D-4147-8A67-8B96B46CB4D1}
		{710D3896-4CD9-4FB5-9C61-9A38786330AE} = {2F60EA39-909D-4147-8A67-8B96B46CB4D1}
		{A2C97EEB-B38B-49DF-9349-7E22C697F8D3} = {2F60EA39-909D-4147-8A67-8B96B46CB4D1}
		{FF6A8193-61DE-4040-9B00-FFB813ED1B52} = {7DF1513F-AE71-40C1-AEBA-10E964CFD820}
		{62CB44BD-2EF7-4465-A87C-34ABE518A35A} = {7DF1513F-AE71-40C1-AEBA-10E964CFD820}
		{4928577D-23FA-4AEA-AE63-86AC6B11E6FB} = {7DF1513F-AE71-40C1-AEBA-10E964CFD820}
	EndGlobalSection
EndGlobal
